
Microsoft Visual Studio Solution File, Format Version 12.00
# Visual Studio 15
Project("{FAE04EC0-301F-11D3-BF4B-00C04F79EFBC}") = "Assembly-CSharp", "Assembly-CSharp.csproj", "{D3BD6C57-A004-FFE3-F6F4-080AE7E33263}"
EndProject
Global
	GlobalSection(SolutionConfigurationPlatforms) = preSolution
		Debug|Any CPU = Debug|Any CPU
		Release|Any CPU = Release|Any CPU
	EndGlobalSection
	GlobalSection(ProjectConfigurationPlatforms) = postSolution
		{D3BD6C57-A004-FFE3-F6F4-080AE7E33263}.Debug|Any CPU.ActiveCfg = Debug|Any CPU
		{D3BD6C57-A004-FFE3-F6F4-080AE7E33263}.Debug|Any CPU.Build.0 = Debug|Any CPU
		{D3BD6C57-A004-FFE3-F6F4-080AE7E33263}.Release|Any CPU.ActiveCfg = Release|Any CPU
		{D3BD6C57-A004-FFE3-F6F4-080AE7E33263}.Release|Any CPU.Build.0 = Release|Any CPU
	EndGlobalSection
	GlobalSection(SolutionProperties) = preSolution
		HideSolutionNode = FALSE
	EndGlobalSection
EndGlobal
